
Microsoft Visual Studio Solution File, Format Version 12.00
# Visual Studio Version 17
VisualStudioVersion = 17.8.34322.80
MinimumVisualStudioVersion = 10.0.40219.1
Project("{9A19103F-16F7-4668-BE54-9A1E7A4F7556}") = "2023_11_30_ClassTask", "2023_11_30_ClassTask\2023_11_30_ClassTask.csproj", "{30FC395B-81BC-43DB-AAB9-6B4A70B9482A}"
EndProject
Project("{FAE04EC0-301F-11D3-BF4B-00C04F79EFBC}") = "20231128Evening", "20231128Evening\20231128Evening.csproj", "{CD64053C-3224-47AB-938A-B13CB6401E05}"
EndProject
Project("{FAE04EC0-301F-11D3-BF4B-00C04F79EFBC}") = "20231128HomeWork", "20231128HomeWork\20231128HomeWork.csproj", "{215B4EAA-7435-4DCF-A4AF-7FC52FF8FB2A}"
EndProject
Global
	GlobalSection(SolutionConfigurationPlatforms) = preSolution
		Debug|Any CPU = Debug|Any CPU
		Release|Any CPU = Release|Any CPU
	EndGlobalSection
	GlobalSection(ProjectConfigurationPlatforms) = postSolution
		{30FC395B-81BC-43DB-AAB9-6B4A70B9482A}.Debug|Any CPU.ActiveCfg = Debug|Any CPU
		{30FC395B-81BC-43DB-AAB9-6B4A70B9482A}.Debug|Any CPU.Build.0 = Debug|Any CPU
		{30FC395B-81BC-43DB-AAB9-6B4A70B9482A}.Release|Any CPU.ActiveCfg = Release|Any CPU
		{30FC395B-81BC-43DB-AAB9-6B4A70B9482A}.Release|Any CPU.Build.0 = Release|Any CPU
		{CD64053C-3224-47AB-938A-B13CB6401E05}.Debug|Any CPU.ActiveCfg = Debug|Any CPU
		{CD64053C-3224-47AB-938A-B13CB6401E05}.Debug|Any CPU.Build.0 = Debug|Any CPU
		{CD64053C-3224-47AB-938A-B13CB6401E05}.Release|Any CPU.ActiveCfg = Release|Any CPU
		{CD64053C-3224-47AB-938A-B13CB6401E05}.Release|Any CPU.Build.0 = Release|Any CPU
		{215B4EAA-7435-4DCF-A4AF-7FC52FF8FB2A}.Debug|Any CPU.ActiveCfg = Debug|Any CPU
		{215B4EAA-7435-4DCF-A4AF-7FC52FF8FB2A}.Debug|Any CPU.Build.0 = Debug|Any CPU
		{215B4EAA-7435-4DCF-A4AF-7FC52FF8FB2A}.Release|Any CPU.ActiveCfg = Release|Any CPU
		{215B4EAA-7435-4DCF-A4AF-7FC52FF8FB2A}.Release|Any CPU.Build.0 = Release|Any CPU
	EndGlobalSection
	GlobalSection(SolutionProperties) = preSolution
		HideSolutionNode = FALSE
	EndGlobalSection
	GlobalSection(ExtensibilityGlobals) = postSolution
		SolutionGuid = {4742B22E-30F7-40A9-80D0-9EDAC27A5823}
	EndGlobalSection
EndGlobal
