
Microsoft Visual Studio Solution File, Format Version 12.00
# Visual Studio Version 17
VisualStudioVersion = 17.8.34322.80
MinimumVisualStudioVersion = 10.0.40219.1
Project("{9A19103F-16F7-4668-BE54-9A1E7A4F7556}") = "20231127HomeWork", "20231127HomeWork\20231127HomeWork.csproj", "{ADA85583-4616-491C-9D66-0CD6034924F0}"
EndProject
Project("{9A19103F-16F7-4668-BE54-9A1E7A4F7556}") = "20231128ClassService", "20231128ClassService\20231128ClassService.csproj", "{AD92D48D-5C62-4983-9B3A-63F67349DFD4}"
EndProject
Project("{9A19103F-16F7-4668-BE54-9A1E7A4F7556}") = "20231128ClassTask", "20231128ClassTask\20231128ClassTask.csproj", "{D5B4D667-D60A-4DD2-BE0F-7CF8F89400CA}"
EndProject
Project("{9A19103F-16F7-4668-BE54-9A1E7A4F7556}") = "20231128HomeWork", "20231128HomeWork\20231128HomeWork.csproj", "{060A3A9B-7AB8-4F70-887C-E30D4750BC2F}"
EndProject
Project("{FAE04EC0-301F-11D3-BF4B-00C04F79EFBC}") = "20231128Evening", "20231128Evening\20231128Evening.csproj", "{CD64053C-3224-47AB-938A-B13CB6401E05}"
EndProject
Project("{9A19103F-16F7-4668-BE54-9A1E7A4F7556}") = "20231130ClassTask", "20231130ClassTask\20231130ClassTask.csproj", "{D1623917-1BDD-4FEB-981A-4C5609B98EDC}"
EndProject
Global
	GlobalSection(SolutionConfigurationPlatforms) = preSolution
		Debug|Any CPU = Debug|Any CPU
		Release|Any CPU = Release|Any CPU
	EndGlobalSection
	GlobalSection(ProjectConfigurationPlatforms) = postSolution
		{ADA85583-4616-491C-9D66-0CD6034924F0}.Debug|Any CPU.ActiveCfg = Debug|Any CPU
		{ADA85583-4616-491C-9D66-0CD6034924F0}.Debug|Any CPU.Build.0 = Debug|Any CPU
		{ADA85583-4616-491C-9D66-0CD6034924F0}.Release|Any CPU.ActiveCfg = Release|Any CPU
		{ADA85583-4616-491C-9D66-0CD6034924F0}.Release|Any CPU.Build.0 = Release|Any CPU
		{AD92D48D-5C62-4983-9B3A-63F67349DFD4}.Debug|Any CPU.ActiveCfg = Debug|Any CPU
		{AD92D48D-5C62-4983-9B3A-63F67349DFD4}.Debug|Any CPU.Build.0 = Debug|Any CPU
		{AD92D48D-5C62-4983-9B3A-63F67349DFD4}.Release|Any CPU.ActiveCfg = Release|Any CPU
		{AD92D48D-5C62-4983-9B3A-63F67349DFD4}.Release|Any CPU.Build.0 = Release|Any CPU
		{D5B4D667-D60A-4DD2-BE0F-7CF8F89400CA}.Debug|Any CPU.ActiveCfg = Debug|Any CPU
		{D5B4D667-D60A-4DD2-BE0F-7CF8F89400CA}.Debug|Any CPU.Build.0 = Debug|Any CPU
		{D5B4D667-D60A-4DD2-BE0F-7CF8F89400CA}.Release|Any CPU.ActiveCfg = Release|Any CPU
		{D5B4D667-D60A-4DD2-BE0F-7CF8F89400CA}.Release|Any CPU.Build.0 = Release|Any CPU
		{060A3A9B-7AB8-4F70-887C-E30D4750BC2F}.Debug|Any CPU.ActiveCfg = Debug|Any CPU
		{060A3A9B-7AB8-4F70-887C-E30D4750BC2F}.Debug|Any CPU.Build.0 = Debug|Any CPU
		{060A3A9B-7AB8-4F70-887C-E30D4750BC2F}.Release|Any CPU.ActiveCfg = Release|Any CPU
		{060A3A9B-7AB8-4F70-887C-E30D4750BC2F}.Release|Any CPU.Build.0 = Release|Any CPU
		{CD64053C-3224-47AB-938A-B13CB6401E05}.Debug|Any CPU.ActiveCfg = Debug|Any CPU
		{CD64053C-3224-47AB-938A-B13CB6401E05}.Debug|Any CPU.Build.0 = Debug|Any CPU
		{CD64053C-3224-47AB-938A-B13CB6401E05}.Release|Any CPU.ActiveCfg = Release|Any CPU
		{CD64053C-3224-47AB-938A-B13CB6401E05}.Release|Any CPU.Build.0 = Release|Any CPU
		{D1623917-1BDD-4FEB-981A-4C5609B98EDC}.Debug|Any CPU.ActiveCfg = Debug|Any CPU
		{D1623917-1BDD-4FEB-981A-4C5609B98EDC}.Debug|Any CPU.Build.0 = Debug|Any CPU
		{D1623917-1BDD-4FEB-981A-4C5609B98EDC}.Release|Any CPU.ActiveCfg = Release|Any CPU
		{D1623917-1BDD-4FEB-981A-4C5609B98EDC}.Release|Any CPU.Build.0 = Release|Any CPU
	EndGlobalSection
	GlobalSection(SolutionProperties) = preSolution
		HideSolutionNode = FALSE
	EndGlobalSection
	GlobalSection(ExtensibilityGlobals) = postSolution
		SolutionGuid = {4742B22E-30F7-40A9-80D0-9EDAC27A5823}
	EndGlobalSection
EndGlobal
